
Microsoft Visual Studio Solution File, Format Version 12.00
# Visual Studio 2012
Project("{8BC9CEB8-8B4A-11D0-8D11-00A0C91BC942}") = "Align", "Align\Align.vcxproj", "{33FCF09F-25C6-4028-AB3C-497264539269}"
	ProjectSection(ProjectDependencies) = postProject
		{158DC3B2-00FD-4F83-99DD-FB9DC4ACCC79} = {158DC3B2-00FD-4F83-99DD-FB9DC4ACCC79}
	EndProjectSection
EndProject
Project("{8BC9CEB8-8B4A-11D0-8D11-00A0C91BC942}") = "jhead", "jhead\jhead.vcxproj", "{158DC3B2-00FD-4F83-99DD-FB9DC4ACCC79}"
EndProject
Global
	GlobalSection(SolutionConfigurationPlatforms) = preSolution
		Debug|Win32 = Debug|Win32
		Release|Win32 = Release|Win32
	EndGlobalSection
	GlobalSection(ProjectConfigurationPlatforms) = postSolution
		{33FCF09F-25C6-4028-AB3C-497264539269}.Debug|Win32.ActiveCfg = Debug|Win32
		{33FCF09F-25C6-4028-AB3C-497264539269}.Debug|Win32.Build.0 = Debug|Win32
		{33FCF09F-25C6-4028-AB3C-497264539269}.Release|Win32.ActiveCfg = Release|Win32
		{33FCF09F-25C6-4028-AB3C-497264539269}.Release|Win32.Build.0 = Release|Win32
		{158DC3B2-00FD-4F83-99DD-FB9DC4ACCC79}.Debug|Win32.ActiveCfg = Debug|Win32
		{158DC3B2-00FD-4F83-99DD-FB9DC4ACCC79}.Debug|Win32.Build.0 = Debug|Win32
		{158DC3B2-00FD-4F83-99DD-FB9DC4ACCC79}.Release|Win32.ActiveCfg = Release|Win32
		{158DC3B2-00FD-4F83-99DD-FB9DC4ACCC79}.Release|Win32.Build.0 = Release|Win32
	EndGlobalSection
	GlobalSection(SolutionProperties) = preSolution
		HideSolutionNode = FALSE
	EndGlobalSection
EndGlobal
